<?xml version="1.0" encoding="utf-8"?>
<Project ToolsVersion="4.0" xmlns="http://schemas.microsoft.com/developer/msbuild/2003">
  <ItemGroup>
    <Filter Include="Source Files">
      <UniqueIdentifier>{4FC737F1-C7A5-4376-A066-2A32D752A2FF}</UniqueIdentifier>
      <Extensions>cpp;c;cc;cxx;c++;cppm;ixx;def;odl;idl;hpj;bat;asm;asmx</Extensions>
    </Filter>
    <Filter Include="Header Files">
      <UniqueIdentifier>{93995380-89BD-4b04-88EB-625FBE52EBFB}</UniqueIdentifier>
      <Extensions>h;hh;hpp;hxx;h++;hm;inl;inc;ipp;xsd</Extensions>
    </Filter>
    <Filter Include="Resource Files">
      <UniqueIdentifier>{67DA6AB6-F800-4c08-8B7A-83BB121AAD01}</UniqueIdentifier>
      <Extensions>rc;ico;cur;bmp;dlg;rc2;rct;bin;rgs;gif;jpg;jpeg;jpe;resx;tiff;tif;png;wav;mfcribbon-ms</Extensions>
    </Filter>
    <Filter Include="Source Files\rendering">
      <UniqueIdentifier>{34427ea0-ff8e-402a-bb2d-b62f3d3468ae}</UniqueIdentifier>
    </Filter>
    <Filter Include="Header Files\rendering">
      <UniqueIdentifier>{4070b38e-444a-4821-b6fd-096d84c9d5f0}</UniqueIdentifier>
    </Filter>
    <Filter Include="Header Files\util">
      <UniqueIdentifier>{aa82001c-38b1-4f05-8438-375cd5be49e0}</UniqueIdentifier>
    </Filter>
    <Filter Include="Source Files\util">
      <UniqueIdentifier>{bf4c65b9-c2ba-48df-8646-cc54ac9aea47}</UniqueIdentifier>
    </Filter>
    <Filter Include="Source Files\components">
      <UniqueIdentifier>{60aeee49-280b-40dc-8fdd-81d6206253c3}</UniqueIdentifier>
    </Filter>
    <Filter Include="Header Files\components">
      <UniqueIdentifier>{2138a8bb-938b-4afa-ad90-a251c4535868}</UniqueIdentifier>
    </Filter>
    <Filter Include="Header Files\Scene">
      <UniqueIdentifier>{7b09abd6-f582-4f87-acf1-62cc7a384e74}</UniqueIdentifier>
    </Filter>
    <Filter Include="Source Files\Scene">
      <UniqueIdentifier>{7a7a6636-3948-4458-966e-a7a548a7683d}</UniqueIdentifier>
    </Filter>
    <Filter Include="Header Files\core">
      <UniqueIdentifier>{01f93193-637c-4da1-a0c8-a5bd09987b65}</UniqueIdentifier>
    </Filter>
    <Filter Include="Source Files\core">
      <UniqueIdentifier>{41bc8d18-6546-4d57-b960-8cae5b344001}</UniqueIdentifier>
    </Filter>
    <Filter Include="Resource Files\shaders">
      <UniqueIdentifier>{be01f793-7ec7-4f19-bb1a-4b7e30416c76}</UniqueIdentifier>
    </Filter>
    <Filter Include="Resource Files\components">
      <UniqueIdentifier>{d04a62b4-25d9-4326-8c69-b08d9a6926f4}</UniqueIdentifier>
    </Filter>
    <Filter Include="Resource Files\scenes">
      <UniqueIdentifier>{a71355a7-c233-4693-8304-7b5e6fada6df}</UniqueIdentifier>
    </Filter>
  </ItemGroup>
  <ItemGroup>
    <ClCompile Include="App.cpp">
      <Filter>Source Files</Filter>
    </ClCompile>
    <ClCompile Include="glad.c">
      <Filter>Source Files</Filter>
    </ClCompile>
    <ClCompile Include="Shader.cpp">
      <Filter>Source Files\rendering</Filter>
    </ClCompile>
    <ClCompile Include="Mesh.cpp">
      <Filter>Source Files\rendering</Filter>
    </ClCompile>
    <ClCompile Include="stb_image.cpp">
      <Filter>Source Files</Filter>
    </ClCompile>
    <ClCompile Include="Model.cpp">
      <Filter>Source Files\rendering</Filter>
    </ClCompile>
    <ClCompile Include="Debug.cpp">
      <Filter>Source Files\util</Filter>
    </ClCompile>
    <ClCompile Include="Camera.cpp">
      <Filter>Source Files\components</Filter>
    </ClCompile>
    <ClCompile Include="Transform.cpp">
      <Filter>Source Files\components</Filter>
    </ClCompile>
    <ClCompile Include="SceneNode.cpp">
      <Filter>Source Files\Scene</Filter>
    </ClCompile>
    <ClCompile Include="Component.cpp">
      <Filter>Source Files\components</Filter>
    </ClCompile>
    <ClCompile Include="CoreManager.cpp">
      <Filter>Source Files\core</Filter>
    </ClCompile>
    <ClCompile Include="Material.cpp">
      <Filter>Source Files\rendering</Filter>
    </ClCompile>
    <ClCompile Include="RenderManager.cpp">
      <Filter>Source Files\core</Filter>
    </ClCompile>
    <ClCompile Include="DirectionalLight.cpp">
      <Filter>Source Files\components</Filter>
    </ClCompile>
    <ClCompile Include="Light.cpp">
      <Filter>Source Files\components</Filter>
    </ClCompile>
    <ClCompile Include="PointLight.cpp">
      <Filter>Source Files\components</Filter>
    </ClCompile>
    <ClCompile Include="Skybox.cpp">
      <Filter>Source Files\rendering</Filter>
    </ClCompile>
    <ClCompile Include="EventObserver.cpp">
      <Filter>Source Files\util</Filter>
    </ClCompile>
    <ClCompile Include="SceneManager.cpp">
      <Filter>Source Files\core</Filter>
    </ClCompile>
    <ClCompile Include="RenderCommand.cpp">
      <Filter>Source Files\util</Filter>
    </ClCompile>
    <ClCompile Include="ResourceManager.cpp">
      <Filter>Source Files\core</Filter>
    </ClCompile>
  </ItemGroup>
  <ItemGroup>
    <ClInclude Include="Shader.h">
      <Filter>Header Files\rendering</Filter>
    </ClInclude>
    <ClInclude Include="Mesh.h">
      <Filter>Header Files\rendering</Filter>
    </ClInclude>
    <ClInclude Include="Model.h">
      <Filter>Header Files\rendering</Filter>
    </ClInclude>
    <ClInclude Include="Debug.h">
      <Filter>Header Files\util</Filter>
    </ClInclude>
    <ClInclude Include="Camera.h">
      <Filter>Header Files\components</Filter>
    </ClInclude>
    <ClInclude Include="Transform.h">
      <Filter>Header Files\components</Filter>
    </ClInclude>
    <ClInclude Include="SceneNode.h">
      <Filter>Header Files\Scene</Filter>
    </ClInclude>
    <ClInclude Include="Component.h">
      <Filter>Header Files\components</Filter>
    </ClInclude>
    <ClInclude Include="CoreManager.h">
      <Filter>Header Files\core</Filter>
    </ClInclude>
    <ClInclude Include="Material.h">
      <Filter>Header Files\rendering</Filter>
    </ClInclude>
    <ClInclude Include="Rotator.h">
      <Filter>Resource Files\components</Filter>
    </ClInclude>
    <ClInclude Include="RenderManager.h">
      <Filter>Header Files\core</Filter>
    </ClInclude>
    <ClInclude Include="LightRevolution.h">
      <Filter>Resource Files\components</Filter>
    </ClInclude>
    <ClInclude Include="DirectionalLight.h">
      <Filter>Header Files\components</Filter>
    </ClInclude>
    <ClInclude Include="Light.h">
      <Filter>Header Files\components</Filter>
    </ClInclude>
    <ClInclude Include="PointLight.h">
      <Filter>Header Files\components</Filter>
    </ClInclude>
    <ClInclude Include="Skybox.h">
      <Filter>Header Files\rendering</Filter>
    </ClInclude>
    <ClInclude Include="EventObserver.h">
      <Filter>Header Files\util</Filter>
    </ClInclude>
    <ClInclude Include="CameraController.h">
      <Filter>Resource Files\components</Filter>
    </ClInclude>
    <ClInclude Include="SceneManager.h">
      <Filter>Header Files\core</Filter>
    </ClInclude>
    <ClInclude Include="RenderCommand.h">
      <Filter>Header Files\util</Filter>
    </ClInclude>
    <ClInclude Include="ResourceManager.h">
      <Filter>Header Files\core</Filter>
    </ClInclude>
  </ItemGroup>
  <ItemGroup>
    <None Include="cpp.hint" />
    <None Include="standard.frag">
      <Filter>Resource Files\shaders</Filter>
    </None>
    <None Include="standard.vert">
      <Filter>Resource Files\shaders</Filter>
    </None>
    <None Include="skybox.vert">
      <Filter>Resource Files\shaders</Filter>
    </None>
    <None Include="skybox.frag">
      <Filter>Resource Files\shaders</Filter>
    </None>
    <None Include="test.json">
      <Filter>Resource Files\scenes</Filter>
    </None>
  </ItemGroup>
</Project>